
Microsoft Visual Studio Solution File, Format Version 12.00
# Visual Studio 14
VisualStudioVersion = 14.0.25420.1
MinimumVisualStudioVersion = 10.0.40219.1
Project("{2150E333-8FDC-42A3-9474-1A3956D46DE8}") = "QualificationRound", "QualificationRound", "{7FD95584-B9E7-43C5-8A34-8F70B7957D2A}"
EndProject
Project("{FAE04EC0-301F-11D3-BF4B-00C04F79EFBC}") = "Problem1", "QualificationRound\Problem1\Problem1.csproj", "{AB05700F-DD29-49F5-9730-10264081C88D}"
EndProject
Project("{FAE04EC0-301F-11D3-BF4B-00C04F79EFBC}") = "Problem2", "QualificationRound\Problem2\Problem2.csproj", "{ED325515-EB52-4C01-BB90-34487CB33EA2}"
EndProject
Project("{FAE04EC0-301F-11D3-BF4B-00C04F79EFBC}") = "Problem3", "QualificationRound\Problem3\Problem3.csproj", "{3B350067-A4DB-4336-BB61-4E939B162459}"
EndProject
Project("{2150E333-8FDC-42A3-9474-1A3956D46DE8}") = "Round1B", "Round1B", "{4A8E66F8-3D5B-49E3-8D28-E647E570076C}"
EndProject
Project("{FAE04EC0-301F-11D3-BF4B-00C04F79EFBC}") = "Problem1", "Round1B\Problem1\Problem1.csproj", "{66857C70-5652-475C-A3B7-C6C351C8C36B}"
EndProject
Project("{FAE04EC0-301F-11D3-BF4B-00C04F79EFBC}") = "Problem2", "Round1B\Problem2\Problem2.csproj", "{80B2BF8A-4233-4A51-A863-741085F34F52}"
EndProject
Project("{FAE04EC0-301F-11D3-BF4B-00C04F79EFBC}") = "Problem3", "Round1B\Problem3\Problem3.csproj", "{F03BE3F0-4B47-4753-8789-133C23F57DA3}"
EndProject
Project("{FAE04EC0-301F-11D3-BF4B-00C04F79EFBC}") = "Problem4", "Round1B\Problem4\Problem4.csproj", "{4165AA84-6933-4A8E-B510-5E443BE67ECC}"
EndProject
Global
	GlobalSection(SolutionConfigurationPlatforms) = preSolution
		Debug|Any CPU = Debug|Any CPU
		Release|Any CPU = Release|Any CPU
	EndGlobalSection
	GlobalSection(ProjectConfigurationPlatforms) = postSolution
		{AB05700F-DD29-49F5-9730-10264081C88D}.Debug|Any CPU.ActiveCfg = Debug|Any CPU
		{AB05700F-DD29-49F5-9730-10264081C88D}.Debug|Any CPU.Build.0 = Debug|Any CPU
		{AB05700F-DD29-49F5-9730-10264081C88D}.Release|Any CPU.ActiveCfg = Release|Any CPU
		{AB05700F-DD29-49F5-9730-10264081C88D}.Release|Any CPU.Build.0 = Release|Any CPU
		{ED325515-EB52-4C01-BB90-34487CB33EA2}.Debug|Any CPU.ActiveCfg = Debug|Any CPU
		{ED325515-EB52-4C01-BB90-34487CB33EA2}.Debug|Any CPU.Build.0 = Debug|Any CPU
		{ED325515-EB52-4C01-BB90-34487CB33EA2}.Release|Any CPU.ActiveCfg = Release|Any CPU
		{ED325515-EB52-4C01-BB90-34487CB33EA2}.Release|Any CPU.Build.0 = Release|Any CPU
		{3B350067-A4DB-4336-BB61-4E939B162459}.Debug|Any CPU.ActiveCfg = Debug|Any CPU
		{3B350067-A4DB-4336-BB61-4E939B162459}.Debug|Any CPU.Build.0 = Debug|Any CPU
		{3B350067-A4DB-4336-BB61-4E939B162459}.Release|Any CPU.ActiveCfg = Release|Any CPU
		{3B350067-A4DB-4336-BB61-4E939B162459}.Release|Any CPU.Build.0 = Release|Any CPU
		{66857C70-5652-475C-A3B7-C6C351C8C36B}.Debug|Any CPU.ActiveCfg = Debug|Any CPU
		{66857C70-5652-475C-A3B7-C6C351C8C36B}.Debug|Any CPU.Build.0 = Debug|Any CPU
		{66857C70-5652-475C-A3B7-C6C351C8C36B}.Release|Any CPU.ActiveCfg = Release|Any CPU
		{66857C70-5652-475C-A3B7-C6C351C8C36B}.Release|Any CPU.Build.0 = Release|Any CPU
		{80B2BF8A-4233-4A51-A863-741085F34F52}.Debug|Any CPU.ActiveCfg = Debug|Any CPU
		{80B2BF8A-4233-4A51-A863-741085F34F52}.Debug|Any CPU.Build.0 = Debug|Any CPU
		{80B2BF8A-4233-4A51-A863-741085F34F52}.Release|Any CPU.ActiveCfg = Release|Any CPU
		{80B2BF8A-4233-4A51-A863-741085F34F52}.Release|Any CPU.Build.0 = Release|Any CPU
		{F03BE3F0-4B47-4753-8789-133C23F57DA3}.Debug|Any CPU.ActiveCfg = Debug|Any CPU
		{F03BE3F0-4B47-4753-8789-133C23F57DA3}.Debug|Any CPU.Build.0 = Debug|Any CPU
		{F03BE3F0-4B47-4753-8789-133C23F57DA3}.Release|Any CPU.ActiveCfg = Release|Any CPU
		{F03BE3F0-4B47-4753-8789-133C23F57DA3}.Release|Any CPU.Build.0 = Release|Any CPU
		{4165AA84-6933-4A8E-B510-5E443BE67ECC}.Debug|Any CPU.ActiveCfg = Debug|Any CPU
		{4165AA84-6933-4A8E-B510-5E443BE67ECC}.Debug|Any CPU.Build.0 = Debug|Any CPU
		{4165AA84-6933-4A8E-B510-5E443BE67ECC}.Release|Any CPU.ActiveCfg = Release|Any CPU
		{4165AA84-6933-4A8E-B510-5E443BE67ECC}.Release|Any CPU.Build.0 = Release|Any CPU
	EndGlobalSection
	GlobalSection(SolutionProperties) = preSolution
		HideSolutionNode = FALSE
	EndGlobalSection
	GlobalSection(NestedProjects) = preSolution
		{AB05700F-DD29-49F5-9730-10264081C88D} = {7FD95584-B9E7-43C5-8A34-8F70B7957D2A}
		{ED325515-EB52-4C01-BB90-34487CB33EA2} = {7FD95584-B9E7-43C5-8A34-8F70B7957D2A}
		{3B350067-A4DB-4336-BB61-4E939B162459} = {7FD95584-B9E7-43C5-8A34-8F70B7957D2A}
		{66857C70-5652-475C-A3B7-C6C351C8C36B} = {4A8E66F8-3D5B-49E3-8D28-E647E570076C}
		{80B2BF8A-4233-4A51-A863-741085F34F52} = {4A8E66F8-3D5B-49E3-8D28-E647E570076C}
		{F03BE3F0-4B47-4753-8789-133C23F57DA3} = {4A8E66F8-3D5B-49E3-8D28-E647E570076C}
		{4165AA84-6933-4A8E-B510-5E443BE67ECC} = {4A8E66F8-3D5B-49E3-8D28-E647E570076C}
	EndGlobalSection
EndGlobal
